
Microsoft Visual Studio Solution File, Format Version 12.00
# Visual Studio 15
VisualStudioVersion = 15.0.27703.2042
MinimumVisualStudioVersion = 10.0.40219.1
Project("{FAE04EC0-301F-11D3-BF4B-00C04F79EFBC}") = "ComStreams", "ComStreams\ComStreams.csproj", "{2399D604-564B-4F26-9BE9-7C0436F78A67}"
EndProject
Project("{FAE04EC0-301F-11D3-BF4B-00C04F79EFBC}") = "ComStreams.Tests", "ComStreams.Tests\ComStreams.Tests.csproj", "{C00CFC23-879F-46AF-B8CA-EC66BC8DD0D1}"
EndProject
Project("{2150E333-8FDC-42A3-9474-1A3956D46DE8}") = "Solution Items", "Solution Items", "{54BAFBCF-A54B-4D33-ADEF-C2E878344FE3}"
	ProjectSection(SolutionItems) = preProject
		.editorconfig = .editorconfig
	EndProjectSection
EndProject
Global
	GlobalSection(SolutionConfigurationPlatforms) = preSolution
		Debug|Any CPU = Debug|Any CPU
		Release|Any CPU = Release|Any CPU
	EndGlobalSection
	GlobalSection(ProjectConfigurationPlatforms) = postSolution
		{2399D604-564B-4F26-9BE9-7C0436F78A67}.Debug|Any CPU.ActiveCfg = Debug|Any CPU
		{2399D604-564B-4F26-9BE9-7C0436F78A67}.Debug|Any CPU.Build.0 = Debug|Any CPU
		{2399D604-564B-4F26-9BE9-7C0436F78A67}.Release|Any CPU.ActiveCfg = Release|Any CPU
		{2399D604-564B-4F26-9BE9-7C0436F78A67}.Release|Any CPU.Build.0 = Release|Any CPU
		{C00CFC23-879F-46AF-B8CA-EC66BC8DD0D1}.Debug|Any CPU.ActiveCfg = Debug|Any CPU
		{C00CFC23-879F-46AF-B8CA-EC66BC8DD0D1}.Debug|Any CPU.Build.0 = Debug|Any CPU
		{C00CFC23-879F-46AF-B8CA-EC66BC8DD0D1}.Release|Any CPU.ActiveCfg = Release|Any CPU
		{C00CFC23-879F-46AF-B8CA-EC66BC8DD0D1}.Release|Any CPU.Build.0 = Release|Any CPU
	EndGlobalSection
	GlobalSection(SolutionProperties) = preSolution
		HideSolutionNode = FALSE
	EndGlobalSection
	GlobalSection(ExtensibilityGlobals) = postSolution
		SolutionGuid = {74EC1898-73F7-408C-B312-D417D8B92A67}
	EndGlobalSection
EndGlobal
